
Microsoft Visual Studio Solution File, Format Version 12.00
# Visual Studio Version 16
VisualStudioVersion = 16.0.30523.141
MinimumVisualStudioVersion = 10.0.40219.1
Project("{888888A0-9F3D-457C-B088-3A5042F75D52}") = "HallmateRandomizer", "HallmateRandomizer.pyproj", "{28E3FEBC-AC89-4EDE-9E39-AFD02FF318DE}"
EndProject
Global
	GlobalSection(SolutionConfigurationPlatforms) = preSolution
		Debug|Any CPU = Debug|Any CPU
		Release|Any CPU = Release|Any CPU
	EndGlobalSection
	GlobalSection(ProjectConfigurationPlatforms) = postSolution
		{28E3FEBC-AC89-4EDE-9E39-AFD02FF318DE}.Debug|Any CPU.ActiveCfg = Debug|Any CPU
		{28E3FEBC-AC89-4EDE-9E39-AFD02FF318DE}.Release|Any CPU.ActiveCfg = Release|Any CPU
	EndGlobalSection
	GlobalSection(SolutionProperties) = preSolution
		HideSolutionNode = FALSE
	EndGlobalSection
	GlobalSection(ExtensibilityGlobals) = postSolution
		SolutionGuid = {D44D4366-4C7A-4F05-AC19-0B136BD9CF64}
	EndGlobalSection
EndGlobal
